# THIS IS AN AUTOGENERATED FILE. DO NOT EDIT THIS FILE DIRECTLY.
# yarn lockfile v1


fp-ts@^1.17.3:
  version "1.17.3"
  resolved "https://registry.yarnpkg.com/fp-ts/-/fp-ts-1.17.3.tgz#5064afc4bee8ddcaea567479bfc62d527e015825"
  integrity sha512-r4gHfAWaRrYPsmdzRl1U9CkpbdOi8fPg5F5KiazAadENz5DKdWEaCDPl2Tf92fvkZGD/ekZ3EHu3gtXIVcsXtA==
